%{"exactor": {:git, "git://github.com/sasa1977/exactor.git", "6025ef4d37b7d6696ab88c4bc7cc99acb96f3bfc", []},
  "exlager": {:git, "git://github.com/khia/exlager.git", "dca404300b04d2ad8f42e9ecc6f4c757e169071f", []},
  "goldrush": {:git, "git://github.com/DeadZen/goldrush.git", "71e63212f12c25827e0c1b4198d37d5d018a7fec", [tag: "0.1.6"]},
  "httpotion": {:git, "git://github.com/myfreeweb/httpotion.git", "1419c64468483d192cc017f18de3412f9dca7fb4", []},
  "ibrowse": {:git, "git://github.com/cmullaparthi/ibrowse.git", "7871e2ebe8811efb64e1917e2de455fa87e8dfe3", [tag: "v4.1.0"]},
  "jazz": {:git, "git://github.com/meh/jazz.git", "e0cf73011f64868534cd229c458e205ce04a6619", []},
  "lager": {:git, "https://github.com/basho/lager.git", "dd267603e93e8babe9ef9164fc176b430d669431", []},
  "meck": {:git, "git://github.com/eproxus/meck.git", "2eb19524a0cf33a0fc67fed766679c93d363ceee", []},
  "mock": {:git, "git://github.com/jjh42/mock.git", "099c0fddac6f1444bc37753b65866f2138dceffa", []}}
